github.com/andreyvit/httpsimplified/v2 v2.0.2 h1:iTbkVisiPoNjMUWbpeYNEk9ho5S1nA+q883nxxIcvJY=
github.com/andreyvit/httpsimplified/v2 v2.0.2/go.mod h1:YQ2Vse6/gnB3rFmZplfCZbOQTooZouLmjnwlV07rXbQ=
github.com/eiannone/keyboard v0.0.0-20200508000154-caf4b762e807 h1:jdjd5e68T4R/j4PWxfZqcKY8KtT9oo8IPNVuV4bSXDQ=
github.com/eiannone/keyboard v0.0.0-20200508000154-caf4b762e807/go.mod h1:Xoiu5VdKMvbRgHuY7+z64lhu/7lvax/22nzASF6GrO8=
github.com/google/renameio v1.0.0 h1:xhp2CnJmgQmpJU4RY8chagahUq5mbPPAbiSQstKpVMA=
github.com/google/renameio v1.0.0/go.mod h1:t/HQoYBZSsWSNK35C6CO/TpPLDVWvxOHboWUAweKUpk=
golang.org/x/sys v0.0.0-20201113233024-12cec1faf1ba h1:xmhUJGQGbxlod18iJGqVEp9cHIPLl7QiX2aA3to708s=
golang.org/x/sys v0.0.0-20201113233024-12cec1faf1ba/go.mod h1:h1NjWce9XRLGQEsW7wpKNCjG9DtNlClVuFLEZdDNbEs=
